# THIS IS AN AUTOGENERATED FILE. DO NOT EDIT THIS FILE DIRECTLY.
# yarn lockfile v1


"@playwright/test@^1.22.2":
  version "1.22.2"
  resolved "https://registry.yarnpkg.com/@playwright/test/-/test-1.22.2.tgz#b848f25f8918140c2d0bae8e9227a40198f2dd4a"
  integrity sha512-cCl96BEBGPtptFz7C2FOSN3PrTnJ3rPpENe+gYCMx4GNNDlN4tmo2D89y13feGKTMMAIVrXfSQ/UmaQKLy1XLA==
  dependencies:
    "@types/node" "*"
    playwright-core "1.22.2"

"@types/node@*":
  version "17.0.38"
  resolved "https://registry.yarnpkg.com/@types/node/-/node-17.0.38.tgz#f8bb07c371ccb1903f3752872c89f44006132947"
  integrity sha512-5jY9RhV7c0Z4Jy09G+NIDTsCZ5G0L5n+Z+p+Y7t5VJHM30bgwzSjVtlcBxqAj+6L/swIlvtOSzr8rBk/aNyV2g==

playwright-core@1.22.2:
  version "1.22.2"
  resolved "https://registry.yarnpkg.com/playwright-core/-/playwright-core-1.22.2.tgz#ed2963d79d71c2a18d5a6fd25b60b9f0a344661a"
  integrity sha512-w/hc/Ld0RM4pmsNeE6aL/fPNWw8BWit2tg+TfqJ3+p59c6s3B6C8mXvXrIPmfQEobkcFDc+4KirNzOQ+uBSP1Q==

typescript@^4.7.2:
  version "4.7.2"
  resolved "https://registry.yarnpkg.com/typescript/-/typescript-4.7.2.tgz#1f9aa2ceb9af87cca227813b4310fff0b51593c4"
  integrity sha512-Mamb1iX2FDUpcTRzltPxgWMKy3fhg0TN378ylbktPGPK/99KbDtMQ4W1hwgsbPAsG3a0xKa1vmw4VKZQbkvz5A==
